Microsoft Visual Studio Solution File, Format Version 12.00
# Visual Studio Version 17
VisualStudioVersion = 17.5.2.0
MinimumVisualStudioVersion = 10.0.40219.1
Project("{FAE04EC0-301F-11D3-BF4B-00C04F79EFBC}") = "WorkoutTrackerWeb", "WorkoutTrackerWeb.csproj", "{B304649C-D32C-D1EC-BC24-7BBCCF557233}"
EndProject
Global
	GlobalSection(SolutionConfigurationPlatforms) = preSolution
		Debug|Any CPU = Debug|Any CPU
		Release|Any CPU = Release|Any CPU
	EndGlobalSection
	GlobalSection(ProjectConfigurationPlatforms) = postSolution
		{B304649C-D32C-D1EC-BC24-7BBCCF557233}.Debug|Any CPU.ActiveCfg = Debug|Any CPU
		{B304649C-D32C-D1EC-BC24-7BBCCF557233}.Debug|Any CPU.Build.0 = Debug|Any CPU
		{B304649C-D32C-D1EC-BC24-7BBCCF557233}.Release|Any CPU.ActiveCfg = Release|Any CPU
		{B304649C-D32C-D1EC-BC24-7BBCCF557233}.Release|Any CPU.Build.0 = Release|Any CPU
	EndGlobalSection
	GlobalSection(SolutionProperties) = preSolution
		HideSolutionNode = FALSE
	EndGlobalSection
	GlobalSection(ExtensibilityGlobals) = postSolution
		SolutionGuid = {B6708843-493F-4C0C-831D-C20321EA200D}
	EndGlobalSection
EndGlobal
